
Microsoft Visual Studio Solution File, Format Version 12.00
# Visual Studio Version 17
VisualStudioVersion = 17.11.35208.52
MinimumVisualStudioVersion = 10.0.40219.1
Project("{9A19103F-16F7-4668-BE54-9A1E7A4F7556}") = "Lagrange.XocMat", "Lagrange.XocMat\Lagrange.XocMat.csproj", "{FA5F1D8F-7A04-4549-ABEF-B31D8F90C436}"
EndProject
Project("{FAE04EC0-301F-11D3-BF4B-00C04F79EFBC}") = "PluginExample", "PluginExample\PluginExample.csproj", "{872F0D5A-9CFE-44F5-860C-081E12E03E31}"
EndProject
Global
	GlobalSection(SolutionConfigurationPlatforms) = preSolution
		Debug|Any CPU = Debug|Any CPU
		Release|Any CPU = Release|Any CPU
	EndGlobalSection
	GlobalSection(ProjectConfigurationPlatforms) = postSolution
		{FA5F1D8F-7A04-4549-ABEF-B31D8F90C436}.Debug|Any CPU.ActiveCfg = Debug|Any CPU
		{FA5F1D8F-7A04-4549-ABEF-B31D8F90C436}.Debug|Any CPU.Build.0 = Debug|Any CPU
		{FA5F1D8F-7A04-4549-ABEF-B31D8F90C436}.Release|Any CPU.ActiveCfg = Release|Any CPU
		{FA5F1D8F-7A04-4549-ABEF-B31D8F90C436}.Release|Any CPU.Build.0 = Release|Any CPU
		{872F0D5A-9CFE-44F5-860C-081E12E03E31}.Debug|Any CPU.ActiveCfg = Debug|Any CPU
		{872F0D5A-9CFE-44F5-860C-081E12E03E31}.Debug|Any CPU.Build.0 = Debug|Any CPU
		{872F0D5A-9CFE-44F5-860C-081E12E03E31}.Release|Any CPU.ActiveCfg = Release|Any CPU
		{872F0D5A-9CFE-44F5-860C-081E12E03E31}.Release|Any CPU.Build.0 = Release|Any CPU
	EndGlobalSection
	GlobalSection(SolutionProperties) = preSolution
		HideSolutionNode = FALSE
	EndGlobalSection
	GlobalSection(ExtensibilityGlobals) = postSolution
		SolutionGuid = {D23AB083-9B62-4BEA-8D42-4964C2659372}
	EndGlobalSection
EndGlobal
