
Microsoft Visual Studio Solution File, Format Version 12.00
# Visual Studio Version 17
VisualStudioVersion = 17.11.35208.52
MinimumVisualStudioVersion = 10.0.40219.1
Project("{FAE04EC0-301F-11D3-BF4B-00C04F79EFBC}") = "XocMat", "XocMat\XocMat.csproj", "{7DAE79BB-7D54-4217-A4DD-6B2D3ABEB387}"
EndProject
Project("{9A19103F-16F7-4668-BE54-9A1E7A4F7556}") = "Lagrange.Core", "Lagrange.Core\Lagrange.Core\Lagrange.Core.csproj", "{EA8F08D5-767F-447C-A4A7-38F6678EE7FB}"
EndProject
Global
	GlobalSection(SolutionConfigurationPlatforms) = preSolution
		Debug|Any CPU = Debug|Any CPU
		Release|Any CPU = Release|Any CPU
	EndGlobalSection
	GlobalSection(ProjectConfigurationPlatforms) = postSolution
		{7DAE79BB-7D54-4217-A4DD-6B2D3ABEB387}.Debug|Any CPU.ActiveCfg = Debug|Any CPU
		{7DAE79BB-7D54-4217-A4DD-6B2D3ABEB387}.Debug|Any CPU.Build.0 = Debug|Any CPU
		{7DAE79BB-7D54-4217-A4DD-6B2D3ABEB387}.Release|Any CPU.ActiveCfg = Release|Any CPU
		{7DAE79BB-7D54-4217-A4DD-6B2D3ABEB387}.Release|Any CPU.Build.0 = Release|Any CPU
		{EA8F08D5-767F-447C-A4A7-38F6678EE7FB}.Debug|Any CPU.ActiveCfg = Debug|Any CPU
		{EA8F08D5-767F-447C-A4A7-38F6678EE7FB}.Debug|Any CPU.Build.0 = Debug|Any CPU
		{EA8F08D5-767F-447C-A4A7-38F6678EE7FB}.Release|Any CPU.ActiveCfg = Release|Any CPU
		{EA8F08D5-767F-447C-A4A7-38F6678EE7FB}.Release|Any CPU.Build.0 = Release|Any CPU
	EndGlobalSection
	GlobalSection(SolutionProperties) = preSolution
		HideSolutionNode = FALSE
	EndGlobalSection
	GlobalSection(ExtensibilityGlobals) = postSolution
		SolutionGuid = {D23AB083-9B62-4BEA-8D42-4964C2659372}
	EndGlobalSection
EndGlobal
